
Microsoft Visual Studio Solution File, Format Version 12.00
# Visual Studio Version 17
VisualStudioVersion = 17.1.32421.90
MinimumVisualStudioVersion = 10.0.40219.1
Project("{9A19103F-16F7-4668-BE54-9A1E7A4F7556}") = "SalesWinApp", "SalesWinApp\SalesWinApp.csproj", "{4FA49A9C-3D24-4698-9692-20D9076C0A7A}"
EndProject
Project("{9A19103F-16F7-4668-BE54-9A1E7A4F7556}") = "DataAccess", "DataAccess\DataAccess.csproj", "{E362795F-9F64-45C2-BF80-23A208BD6B7B}"
EndProject
Project("{9A19103F-16F7-4668-BE54-9A1E7A4F7556}") = "BusinessObject", "BusinessObject\BusinessObject.csproj", "{AAB0395A-6980-4D48-B53B-554CDDBFAB93}"
EndProject
Global
	GlobalSection(SolutionConfigurationPlatforms) = preSolution
		Debug|Any CPU = Debug|Any CPU
		Release|Any CPU = Release|Any CPU
	EndGlobalSection
	GlobalSection(ProjectConfigurationPlatforms) = postSolution
		{4FA49A9C-3D24-4698-9692-20D9076C0A7A}.Debug|Any CPU.ActiveCfg = Debug|Any CPU
		{4FA49A9C-3D24-4698-9692-20D9076C0A7A}.Debug|Any CPU.Build.0 = Debug|Any CPU
		{4FA49A9C-3D24-4698-9692-20D9076C0A7A}.Release|Any CPU.ActiveCfg = Release|Any CPU
		{4FA49A9C-3D24-4698-9692-20D9076C0A7A}.Release|Any CPU.Build.0 = Release|Any CPU
		{E362795F-9F64-45C2-BF80-23A208BD6B7B}.Debug|Any CPU.ActiveCfg = Debug|Any CPU
		{E362795F-9F64-45C2-BF80-23A208BD6B7B}.Debug|Any CPU.Build.0 = Debug|Any CPU
		{E362795F-9F64-45C2-BF80-23A208BD6B7B}.Release|Any CPU.ActiveCfg = Release|Any CPU
		{E362795F-9F64-45C2-BF80-23A208BD6B7B}.Release|Any CPU.Build.0 = Release|Any CPU
		{AAB0395A-6980-4D48-B53B-554CDDBFAB93}.Debug|Any CPU.ActiveCfg = Debug|Any CPU
		{AAB0395A-6980-4D48-B53B-554CDDBFAB93}.Debug|Any CPU.Build.0 = Debug|Any CPU
		{AAB0395A-6980-4D48-B53B-554CDDBFAB93}.Release|Any CPU.ActiveCfg = Release|Any CPU
		{AAB0395A-6980-4D48-B53B-554CDDBFAB93}.Release|Any CPU.Build.0 = Release|Any CPU
	EndGlobalSection
	GlobalSection(SolutionProperties) = preSolution
		HideSolutionNode = FALSE
	EndGlobalSection
	GlobalSection(ExtensibilityGlobals) = postSolution
		SolutionGuid = {F9C9351F-40A9-40E9-9BCD-86AC42FC15DF}
	EndGlobalSection
EndGlobal
